
Microsoft Visual Studio Solution File, Format Version 12.00
# Visual Studio Version 17
VisualStudioVersion = 17.0.32112.339
MinimumVisualStudioVersion = 10.0.40219.1
Project("{FAE04EC0-301F-11D3-BF4B-00C04F79EFBC}") = "greetingCard", "greetingCard\greetingCard.csproj", "{E38927A1-D49D-456F-BF9D-707F513BC833}"
EndProject
Global
	GlobalSection(SolutionConfigurationPlatforms) = preSolution
		Debug|Any CPU = Debug|Any CPU
		Release|Any CPU = Release|Any CPU
	EndGlobalSection
	GlobalSection(ProjectConfigurationPlatforms) = postSolution
		{E38927A1-D49D-456F-BF9D-707F513BC833}.Debug|Any CPU.ActiveCfg = Debug|Any CPU
		{E38927A1-D49D-456F-BF9D-707F513BC833}.Debug|Any CPU.Build.0 = Debug|Any CPU
		{E38927A1-D49D-456F-BF9D-707F513BC833}.Release|Any CPU.ActiveCfg = Release|Any CPU
		{E38927A1-D49D-456F-BF9D-707F513BC833}.Release|Any CPU.Build.0 = Release|Any CPU
	EndGlobalSection
	GlobalSection(SolutionProperties) = preSolution
		HideSolutionNode = FALSE
	EndGlobalSection
	GlobalSection(ExtensibilityGlobals) = postSolution
		SolutionGuid = {8F4E7CAA-60E1-44D8-9826-C7767B11AA05}
	EndGlobalSection
EndGlobal
